
Microsoft Visual Studio Solution File, Format Version 12.00
# Visual Studio 14
VisualStudioVersion = 14.0.25123.0
MinimumVisualStudioVersion = 10.0.40219.1
Project("{8BC9CEB8-8B4A-11D0-8D11-00A0C91BC942}") = "SectionnerServer", "SectionnerServer\SectionnerServer.vcxproj", "{7F14F511-BCD2-49B9-A345-AE5783443A22}"
	ProjectSection(ProjectDependencies) = postProject
		{BDC9B32C-E4AD-4DB1-B9F2-05A6BDB52E4D} = {BDC9B32C-E4AD-4DB1-B9F2-05A6BDB52E4D}
		{2F8F985E-01DE-4307-AFD1-8CD9C9A15462} = {2F8F985E-01DE-4307-AFD1-8CD9C9A15462}
		{664E366C-755B-4CC0-8DC0-76A2C563D566} = {664E366C-755B-4CC0-8DC0-76A2C563D566}
		{86A6CA8E-6266-4D2C-A2A4-2999259A953C} = {86A6CA8E-6266-4D2C-A2A4-2999259A953C}
		{C5055DF2-4313-4838-92D1-37BE3F2CCF91} = {C5055DF2-4313-4838-92D1-37BE3F2CCF91}
	EndProjectSection
EndProject
Project("{8BC9CEB8-8B4A-11D0-8D11-00A0C91BC942}") = "DataBase", "DataBase\DataBase.vcxproj", "{C5055DF2-4313-4838-92D1-37BE3F2CCF91}"
	ProjectSection(ProjectDependencies) = postProject
		{BDC9B32C-E4AD-4DB1-B9F2-05A6BDB52E4D} = {BDC9B32C-E4AD-4DB1-B9F2-05A6BDB52E4D}
	EndProjectSection
EndProject
Project("{8BC9CEB8-8B4A-11D0-8D11-00A0C91BC942}") = "Parser", "Parser\Parser.vcxproj", "{664E366C-755B-4CC0-8DC0-76A2C563D566}"
	ProjectSection(ProjectDependencies) = postProject
		{BDC9B32C-E4AD-4DB1-B9F2-05A6BDB52E4D} = {BDC9B32C-E4AD-4DB1-B9F2-05A6BDB52E4D}
		{2F8F985E-01DE-4307-AFD1-8CD9C9A15462} = {2F8F985E-01DE-4307-AFD1-8CD9C9A15462}
		{86A6CA8E-6266-4D2C-A2A4-2999259A953C} = {86A6CA8E-6266-4D2C-A2A4-2999259A953C}
	EndProjectSection
EndProject
Project("{8BC9CEB8-8B4A-11D0-8D11-00A0C91BC942}") = "Security", "Security\Security.vcxproj", "{86A6CA8E-6266-4D2C-A2A4-2999259A953C}"
EndProject
Project("{8BC9CEB8-8B4A-11D0-8D11-00A0C91BC942}") = "Split", "Split\Split.vcxproj", "{2F8F985E-01DE-4307-AFD1-8CD9C9A15462}"
EndProject
Project("{8BC9CEB8-8B4A-11D0-8D11-00A0C91BC942}") = "Tools", "Tools\Tools.vcxproj", "{BDC9B32C-E4AD-4DB1-B9F2-05A6BDB52E4D}"
EndProject
Global
	GlobalSection(SolutionConfigurationPlatforms) = preSolution
		Debug|x64 = Debug|x64
		Debug|x86 = Debug|x86
		Release|x64 = Release|x64
		Release|x86 = Release|x86
	EndGlobalSection
	GlobalSection(ProjectConfigurationPlatforms) = postSolution
		{7F14F511-BCD2-49B9-A345-AE5783443A22}.Debug|x64.ActiveCfg = Debug|x64
		{7F14F511-BCD2-49B9-A345-AE5783443A22}.Debug|x64.Build.0 = Debug|x64
		{7F14F511-BCD2-49B9-A345-AE5783443A22}.Debug|x64.Deploy.0 = Debug|x64
		{7F14F511-BCD2-49B9-A345-AE5783443A22}.Debug|x86.ActiveCfg = Debug|Win32
		{7F14F511-BCD2-49B9-A345-AE5783443A22}.Debug|x86.Build.0 = Debug|Win32
		{7F14F511-BCD2-49B9-A345-AE5783443A22}.Release|x64.ActiveCfg = Release|x64
		{7F14F511-BCD2-49B9-A345-AE5783443A22}.Release|x64.Build.0 = Release|x64
		{7F14F511-BCD2-49B9-A345-AE5783443A22}.Release|x86.ActiveCfg = Release|Win32
		{7F14F511-BCD2-49B9-A345-AE5783443A22}.Release|x86.Build.0 = Release|Win32
		{C5055DF2-4313-4838-92D1-37BE3F2CCF91}.Debug|x64.ActiveCfg = Debug|x64
		{C5055DF2-4313-4838-92D1-37BE3F2CCF91}.Debug|x64.Build.0 = Debug|x64
		{C5055DF2-4313-4838-92D1-37BE3F2CCF91}.Debug|x86.ActiveCfg = Debug|Win32
		{C5055DF2-4313-4838-92D1-37BE3F2CCF91}.Debug|x86.Build.0 = Debug|Win32
		{C5055DF2-4313-4838-92D1-37BE3F2CCF91}.Release|x64.ActiveCfg = Release|x64
		{C5055DF2-4313-4838-92D1-37BE3F2CCF91}.Release|x64.Build.0 = Release|x64
		{C5055DF2-4313-4838-92D1-37BE3F2CCF91}.Release|x86.ActiveCfg = Release|Win32
		{C5055DF2-4313-4838-92D1-37BE3F2CCF91}.Release|x86.Build.0 = Release|Win32
		{664E366C-755B-4CC0-8DC0-76A2C563D566}.Debug|x64.ActiveCfg = Debug|x64
		{664E366C-755B-4CC0-8DC0-76A2C563D566}.Debug|x64.Build.0 = Debug|x64
		{664E366C-755B-4CC0-8DC0-76A2C563D566}.Debug|x86.ActiveCfg = Debug|Win32
		{664E366C-755B-4CC0-8DC0-76A2C563D566}.Debug|x86.Build.0 = Debug|Win32
		{664E366C-755B-4CC0-8DC0-76A2C563D566}.Release|x64.ActiveCfg = Release|x64
		{664E366C-755B-4CC0-8DC0-76A2C563D566}.Release|x64.Build.0 = Release|x64
		{664E366C-755B-4CC0-8DC0-76A2C563D566}.Release|x86.ActiveCfg = Release|Win32
		{664E366C-755B-4CC0-8DC0-76A2C563D566}.Release|x86.Build.0 = Release|Win32
		{86A6CA8E-6266-4D2C-A2A4-2999259A953C}.Debug|x64.ActiveCfg = Debug|x64
		{86A6CA8E-6266-4D2C-A2A4-2999259A953C}.Debug|x64.Build.0 = Debug|x64
		{86A6CA8E-6266-4D2C-A2A4-2999259A953C}.Debug|x86.ActiveCfg = Debug|Win32
		{86A6CA8E-6266-4D2C-A2A4-2999259A953C}.Debug|x86.Build.0 = Debug|Win32
		{86A6CA8E-6266-4D2C-A2A4-2999259A953C}.Release|x64.ActiveCfg = Release|x64
		{86A6CA8E-6266-4D2C-A2A4-2999259A953C}.Release|x64.Build.0 = Release|x64
		{86A6CA8E-6266-4D2C-A2A4-2999259A953C}.Release|x86.ActiveCfg = Release|Win32
		{86A6CA8E-6266-4D2C-A2A4-2999259A953C}.Release|x86.Build.0 = Release|Win32
		{2F8F985E-01DE-4307-AFD1-8CD9C9A15462}.Debug|x64.ActiveCfg = Debug|x64
		{2F8F985E-01DE-4307-AFD1-8CD9C9A15462}.Debug|x64.Build.0 = Debug|x64
		{2F8F985E-01DE-4307-AFD1-8CD9C9A15462}.Debug|x86.ActiveCfg = Debug|Win32
		{2F8F985E-01DE-4307-AFD1-8CD9C9A15462}.Debug|x86.Build.0 = Debug|Win32
		{2F8F985E-01DE-4307-AFD1-8CD9C9A15462}.Release|x64.ActiveCfg = Release|x64
		{2F8F985E-01DE-4307-AFD1-8CD9C9A15462}.Release|x64.Build.0 = Release|x64
		{2F8F985E-01DE-4307-AFD1-8CD9C9A15462}.Release|x86.ActiveCfg = Release|Win32
		{2F8F985E-01DE-4307-AFD1-8CD9C9A15462}.Release|x86.Build.0 = Release|Win32
		{BDC9B32C-E4AD-4DB1-B9F2-05A6BDB52E4D}.Debug|x64.ActiveCfg = Debug|x64
		{BDC9B32C-E4AD-4DB1-B9F2-05A6BDB52E4D}.Debug|x64.Build.0 = Debug|x64
		{BDC9B32C-E4AD-4DB1-B9F2-05A6BDB52E4D}.Debug|x86.ActiveCfg = Debug|Win32
		{BDC9B32C-E4AD-4DB1-B9F2-05A6BDB52E4D}.Debug|x86.Build.0 = Debug|Win32
		{BDC9B32C-E4AD-4DB1-B9F2-05A6BDB52E4D}.Release|x64.ActiveCfg = Release|x64
		{BDC9B32C-E4AD-4DB1-B9F2-05A6BDB52E4D}.Release|x64.Build.0 = Release|x64
		{BDC9B32C-E4AD-4DB1-B9F2-05A6BDB52E4D}.Release|x86.ActiveCfg = Release|Win32
		{BDC9B32C-E4AD-4DB1-B9F2-05A6BDB52E4D}.Release|x86.Build.0 = Release|Win32
	EndGlobalSection
	GlobalSection(SolutionProperties) = preSolution
		HideSolutionNode = FALSE
	EndGlobalSection
EndGlobal
